
Microsoft Visual Studio Solution File, Format Version 12.00
# Visual Studio 2013
VisualStudioVersion = 12.0.21005.1
MinimumVisualStudioVersion = 10.0.40219.1
Project("{FAE04EC0-301F-11D3-BF4B-00C04F79EFBC}") = "nuserv", "nuserv\nuserv.csproj", "{D9612E6A-E49A-43CA-930B-D886CBBC72E7}"
EndProject
Project("{2150E333-8FDC-42A3-9474-1A3956D46DE8}") = ".nuget", ".nuget", "{C3763015-3C1F-4C35-A95E-C2917D239F14}"
	ProjectSection(SolutionItems) = preProject
		.nuget\NuGet.Config = .nuget\NuGet.Config
		.nuget\NuGet.exe = .nuget\NuGet.exe
		.nuget\NuGet.targets = .nuget\NuGet.targets
		.nuget\packages.config = .nuget\packages.config
	EndProjectSection
EndProject
Project("{FAE04EC0-301F-11D3-BF4B-00C04F79EFBC}") = "Nuget.Lucene.Web.Extension", "Nuget.Lucene.Web.Extension\Nuget.Lucene.Web.Extension.csproj", "{22D1DF93-4377-4578-A075-FB4B3A93AFE4}"
EndProject
Project("{2150E333-8FDC-42A3-9474-1A3956D46DE8}") = "UiTests", "UiTests", "{3892DD35-95E5-4834-A65C-C3FC8AAAD454}"
EndProject
Project("{FAE04EC0-301F-11D3-BF4B-00C04F79EFBC}") = "nuserv.UiTests", "nuserv.UiTests\nuserv.UiTests.csproj", "{07D2DEC3-55CC-4329-8EF4-FFD0AA006B6E}"
EndProject
Global
	GlobalSection(SolutionConfigurationPlatforms) = preSolution
		Debug|Any CPU = Debug|Any CPU
		Release|Any CPU = Release|Any CPU
		UiTesting|Any CPU = UiTesting|Any CPU
	EndGlobalSection
	GlobalSection(ProjectConfigurationPlatforms) = postSolution
		{D9612E6A-E49A-43CA-930B-D886CBBC72E7}.Debug|Any CPU.ActiveCfg = Debug|Any CPU
		{D9612E6A-E49A-43CA-930B-D886CBBC72E7}.Debug|Any CPU.Build.0 = Debug|Any CPU
		{D9612E6A-E49A-43CA-930B-D886CBBC72E7}.Release|Any CPU.ActiveCfg = Release|Any CPU
		{D9612E6A-E49A-43CA-930B-D886CBBC72E7}.Release|Any CPU.Build.0 = Release|Any CPU
		{D9612E6A-E49A-43CA-930B-D886CBBC72E7}.UiTesting|Any CPU.ActiveCfg = UiTesting|Any CPU
		{D9612E6A-E49A-43CA-930B-D886CBBC72E7}.UiTesting|Any CPU.Build.0 = UiTesting|Any CPU
		{22D1DF93-4377-4578-A075-FB4B3A93AFE4}.Debug|Any CPU.ActiveCfg = Debug|Any CPU
		{22D1DF93-4377-4578-A075-FB4B3A93AFE4}.Debug|Any CPU.Build.0 = Debug|Any CPU
		{22D1DF93-4377-4578-A075-FB4B3A93AFE4}.Release|Any CPU.ActiveCfg = Release|Any CPU
		{22D1DF93-4377-4578-A075-FB4B3A93AFE4}.Release|Any CPU.Build.0 = Release|Any CPU
		{22D1DF93-4377-4578-A075-FB4B3A93AFE4}.UiTesting|Any CPU.ActiveCfg = UiTesting|Any CPU
		{22D1DF93-4377-4578-A075-FB4B3A93AFE4}.UiTesting|Any CPU.Build.0 = UiTesting|Any CPU
		{07D2DEC3-55CC-4329-8EF4-FFD0AA006B6E}.Debug|Any CPU.ActiveCfg = Debug|Any CPU
		{07D2DEC3-55CC-4329-8EF4-FFD0AA006B6E}.Debug|Any CPU.Build.0 = Debug|Any CPU
		{07D2DEC3-55CC-4329-8EF4-FFD0AA006B6E}.Release|Any CPU.ActiveCfg = Release|Any CPU
		{07D2DEC3-55CC-4329-8EF4-FFD0AA006B6E}.Release|Any CPU.Build.0 = Release|Any CPU
		{07D2DEC3-55CC-4329-8EF4-FFD0AA006B6E}.UiTesting|Any CPU.ActiveCfg = UiTesting|Any CPU
		{07D2DEC3-55CC-4329-8EF4-FFD0AA006B6E}.UiTesting|Any CPU.Build.0 = UiTesting|Any CPU
	EndGlobalSection
	GlobalSection(SolutionProperties) = preSolution
		HideSolutionNode = FALSE
	EndGlobalSection
	GlobalSection(NestedProjects) = preSolution
		{07D2DEC3-55CC-4329-8EF4-FFD0AA006B6E} = {3892DD35-95E5-4834-A65C-C3FC8AAAD454}
	EndGlobalSection
EndGlobal
